
Microsoft Visual Studio Solution File, Format Version 12.00
# Visual Studio Version 17
VisualStudioVersion = 17.5.002.0
MinimumVisualStudioVersion = 10.0.40219.1
Project("{9A19103F-16F7-4668-BE54-9A1E7A4F7556}") = "CRUD-ASP.NEST-Core-8", "CRUD-ASP.NEST-Core-8.csproj", "{160461D3-2747-4A43-BDF1-30E5A2F2B832}"
EndProject
Global
	GlobalSection(SolutionConfigurationPlatforms) = preSolution
		Debug|Any CPU = Debug|Any CPU
		Release|Any CPU = Release|Any CPU
	EndGlobalSection
	GlobalSection(ProjectConfigurationPlatforms) = postSolution
		{160461D3-2747-4A43-BDF1-30E5A2F2B832}.Debug|Any CPU.ActiveCfg = Debug|Any CPU
		{160461D3-2747-4A43-BDF1-30E5A2F2B832}.Debug|Any CPU.Build.0 = Debug|Any CPU
		{160461D3-2747-4A43-BDF1-30E5A2F2B832}.Release|Any CPU.ActiveCfg = Release|Any CPU
		{160461D3-2747-4A43-BDF1-30E5A2F2B832}.Release|Any CPU.Build.0 = Release|Any CPU
	EndGlobalSection
	GlobalSection(SolutionProperties) = preSolution
		HideSolutionNode = FALSE
	EndGlobalSection
	GlobalSection(ExtensibilityGlobals) = postSolution
		SolutionGuid = {33B83896-A88D-4B95-9EFE-C52D6E582F8B}
	EndGlobalSection
EndGlobal
